
Microsoft Visual Studio Solution File, Format Version 12.00
# Visual Studio Version 16
VisualStudioVersion = 16.0.30611.23
MinimumVisualStudioVersion = 10.0.40219.1
Project("{FAE04EC0-301F-11D3-BF4B-00C04F79EFBC}") = "RandWeatherBot", "RandWeatherBot.csproj", "{E395A929-4A29-4D41-BC1C-19DDC91E633C}"
EndProject
Global
	GlobalSection(SolutionConfigurationPlatforms) = preSolution
		Debug|Any CPU = Debug|Any CPU
		Release|Any CPU = Release|Any CPU
	EndGlobalSection
	GlobalSection(ProjectConfigurationPlatforms) = postSolution
		{E395A929-4A29-4D41-BC1C-19DDC91E633C}.Debug|Any CPU.ActiveCfg = Debug|Any CPU
		{E395A929-4A29-4D41-BC1C-19DDC91E633C}.Debug|Any CPU.Build.0 = Debug|Any CPU
		{E395A929-4A29-4D41-BC1C-19DDC91E633C}.Release|Any CPU.ActiveCfg = Release|Any CPU
		{E395A929-4A29-4D41-BC1C-19DDC91E633C}.Release|Any CPU.Build.0 = Release|Any CPU
	EndGlobalSection
	GlobalSection(SolutionProperties) = preSolution
		HideSolutionNode = FALSE
	EndGlobalSection
	GlobalSection(ExtensibilityGlobals) = postSolution
		SolutionGuid = {01910EEF-7F71-4C64-812D-AF826835BB1C}
	EndGlobalSection
EndGlobal
